
Microsoft Visual Studio Solution File, Format Version 12.00
# Visual Studio Version 18
VisualStudioVersion = 18.4.11605.240
MinimumVisualStudioVersion = 10.0.40219.1
Project("{FAE04EC0-301F-11D3-BF4B-00C04F79EFBC}") = "TravelSwipe.Api", "TravelSwipe.Api\TravelSwipe.Api.csproj", "{7ED47B02-5898-4931-9BAA-9A635126EC31}"
EndProject
Project("{FAE04EC0-301F-11D3-BF4B-00C04F79EFBC}") = "TravelSwipe.Core", "TravelSwipe.Core\TravelSwipe.Core.csproj", "{BDE142F8-0CB4-4031-8F81-087E3E0B71BC}"
EndProject
Project("{FAE04EC0-301F-11D3-BF4B-00C04F79EFBC}") = "TravelSwipe.Infrastructure", "TravelSwipe.Infrastructure\TravelSwipe.Infrastructure.csproj", "{43A1F0BA-5F72-48CF-B703-F3C9169A8220}"
EndProject
Project("{FAE04EC0-301F-11D3-BF4B-00C04F79EFBC}") = "TravelSwipe.Application", "TravelSwipe.Application\TravelSwipe.Application.csproj", "{02E12F30-1CED-4B96-9AD0-407890728D8A}"
EndProject
Project("{FAE04EC0-301F-11D3-BF4B-00C04F79EFBC}") = "Activities.Api", "TravelSwipe.Activities.Api\Activities.Api.csproj", "{C3F994B3-8C98-4D5D-B051-806DCE2562D1}"
EndProject
Project("{2150E333-8FDC-42A3-9474-1A3956D46DE8}") = "Services", "Services", "{02EA681E-C7D8-13C7-8484-4AC65E1B71E8}"
EndProject
Project("{2150E333-8FDC-42A3-9474-1A3956D46DE8}") = "Activities", "Activities", "{A9CA1AA8-0118-4B2E-9B11-13EC8007E609}"
EndProject
Project("{FAE04EC0-301F-11D3-BF4B-00C04F79EFBC}") = "Activities.Core", "TravelSwipe.Activities.Core\Activities.Core.csproj", "{DA2CD1C8-3929-4A83-9886-CDACFBCC8DE9}"
EndProject
Project("{FAE04EC0-301F-11D3-BF4B-00C04F79EFBC}") = "Activities.Application", "TravelSwipe.Activities.Application\Activities.Application.csproj", "{95F47E7D-0DEF-4695-A56F-E8263A00E545}"
EndProject
Project("{FAE04EC0-301F-11D3-BF4B-00C04F79EFBC}") = "Activities.Infrastructure", "TravelSwipe.Activities.Infrastructure\Activities.Infrastructure.csproj", "{97947B58-38F1-4BD4-A7DD-73998ADF20DD}"
EndProject
Project("{FAE04EC0-301F-11D3-BF4B-00C04F79EFBC}") = "TravelSwipe.Contracts", "TravelSwipe.Contracts\TravelSwipe.Contracts.csproj", "{06DECB75-D560-4A65-9149-716DA72BD396}"
EndProject
Project("{2150E333-8FDC-42A3-9474-1A3956D46DE8}") = "Cities", "Cities", "{D3DE60AC-8EB2-4E45-AFDF-7794F71B03AE}"
EndProject
Project("{2150E333-8FDC-42A3-9474-1A3956D46DE8}") = "Countries", "Countries", "{B17C62B1-79E4-4F01-A3AC-4A6DE362AF34}"
EndProject
Project("{2150E333-8FDC-42A3-9474-1A3956D46DE8}") = "Integrations", "Integrations", "{82490197-C35D-424D-92F9-65F4B0EA4D81}"
EndProject
Project("{2150E333-8FDC-42A3-9474-1A3956D46DE8}") = "Users", "Users", "{9788E69F-8F1F-4DDB-9E63-47D58997562C}"
EndProject
Project("{FAE04EC0-301F-11D3-BF4B-00C04F79EFBC}") = "Cities.Application", "Cities.Application\Cities.Application.csproj", "{FBC41B02-54C2-491B-864D-6FB3CE364C8A}"
EndProject
Project("{FAE04EC0-301F-11D3-BF4B-00C04F79EFBC}") = "Cities.Core", "Cities.Core\Cities.Core.csproj", "{48416DC8-15BA-4B15-9156-0E6E9A71BF6A}"
EndProject
Project("{FAE04EC0-301F-11D3-BF4B-00C04F79EFBC}") = "Cities.Infrastructure", "Cities.Infrastructure\Cities.Infrastructure.csproj", "{6B43390D-636B-4C41-A30B-A76B365FB617}"
EndProject
Project("{FAE04EC0-301F-11D3-BF4B-00C04F79EFBC}") = "Cities.Api", "Cities.Api\Cities.Api.csproj", "{DBC35951-A77A-4563-A578-6427A372A487}"
EndProject
Project("{FAE04EC0-301F-11D3-BF4B-00C04F79EFBC}") = "Countries.Api", "Country.Api\Countries.Api.csproj", "{1C706F99-7B6A-46B6-9FD5-6DE057B4602B}"
EndProject
Project("{FAE04EC0-301F-11D3-BF4B-00C04F79EFBC}") = "Countries.Application", "Country.Application\Countries.Application.csproj", "{E59C2EA7-A9DE-4FDF-92A8-B575A1B0EC30}"
EndProject
Project("{FAE04EC0-301F-11D3-BF4B-00C04F79EFBC}") = "Countries.Core", "Countries.Core\Countries.Core.csproj", "{DE805200-F9E8-4BF3-9506-C9D47C210958}"
EndProject
Project("{FAE04EC0-301F-11D3-BF4B-00C04F79EFBC}") = "Countries.Infrastructure", "Countries.Infrastructure\Countries.Infrastructure.csproj", "{05D173CB-3BCA-47EE-AD39-A875371C055D}"
EndProject
Global
	GlobalSection(SolutionConfigurationPlatforms) = preSolution
		Debug|Any CPU = Debug|Any CPU
		Release|Any CPU = Release|Any CPU
	EndGlobalSection
	GlobalSection(ProjectConfigurationPlatforms) = postSolution
		{7ED47B02-5898-4931-9BAA-9A635126EC31}.Debug|Any CPU.ActiveCfg = Debug|Any CPU
		{7ED47B02-5898-4931-9BAA-9A635126EC31}.Debug|Any CPU.Build.0 = Debug|Any CPU
		{7ED47B02-5898-4931-9BAA-9A635126EC31}.Release|Any CPU.ActiveCfg = Release|Any CPU
		{7ED47B02-5898-4931-9BAA-9A635126EC31}.Release|Any CPU.Build.0 = Release|Any CPU
		{BDE142F8-0CB4-4031-8F81-087E3E0B71BC}.Debug|Any CPU.ActiveCfg = Debug|Any CPU
		{BDE142F8-0CB4-4031-8F81-087E3E0B71BC}.Debug|Any CPU.Build.0 = Debug|Any CPU
		{BDE142F8-0CB4-4031-8F81-087E3E0B71BC}.Release|Any CPU.ActiveCfg = Release|Any CPU
		{BDE142F8-0CB4-4031-8F81-087E3E0B71BC}.Release|Any CPU.Build.0 = Release|Any CPU
		{43A1F0BA-5F72-48CF-B703-F3C9169A8220}.Debug|Any CPU.ActiveCfg = Debug|Any CPU
		{43A1F0BA-5F72-48CF-B703-F3C9169A8220}.Debug|Any CPU.Build.0 = Debug|Any CPU
		{43A1F0BA-5F72-48CF-B703-F3C9169A8220}.Release|Any CPU.ActiveCfg = Release|Any CPU
		{43A1F0BA-5F72-48CF-B703-F3C9169A8220}.Release|Any CPU.Build.0 = Release|Any CPU
		{02E12F30-1CED-4B96-9AD0-407890728D8A}.Debug|Any CPU.ActiveCfg = Debug|Any CPU
		{02E12F30-1CED-4B96-9AD0-407890728D8A}.Debug|Any CPU.Build.0 = Debug|Any CPU
		{02E12F30-1CED-4B96-9AD0-407890728D8A}.Release|Any CPU.ActiveCfg = Release|Any CPU
		{02E12F30-1CED-4B96-9AD0-407890728D8A}.Release|Any CPU.Build.0 = Release|Any CPU
		{C3F994B3-8C98-4D5D-B051-806DCE2562D1}.Debug|Any CPU.ActiveCfg = Debug|Any CPU
		{C3F994B3-8C98-4D5D-B051-806DCE2562D1}.Debug|Any CPU.Build.0 = Debug|Any CPU
		{C3F994B3-8C98-4D5D-B051-806DCE2562D1}.Release|Any CPU.ActiveCfg = Release|Any CPU
		{C3F994B3-8C98-4D5D-B051-806DCE2562D1}.Release|Any CPU.Build.0 = Release|Any CPU
		{DA2CD1C8-3929-4A83-9886-CDACFBCC8DE9}.Debug|Any CPU.ActiveCfg = Debug|Any CPU
		{DA2CD1C8-3929-4A83-9886-CDACFBCC8DE9}.Debug|Any CPU.Build.0 = Debug|Any CPU
		{DA2CD1C8-3929-4A83-9886-CDACFBCC8DE9}.Release|Any CPU.ActiveCfg = Release|Any CPU
		{DA2CD1C8-3929-4A83-9886-CDACFBCC8DE9}.Release|Any CPU.Build.0 = Release|Any CPU
		{95F47E7D-0DEF-4695-A56F-E8263A00E545}.Debug|Any CPU.ActiveCfg = Debug|Any CPU
		{95F47E7D-0DEF-4695-A56F-E8263A00E545}.Debug|Any CPU.Build.0 = Debug|Any CPU
		{95F47E7D-0DEF-4695-A56F-E8263A00E545}.Release|Any CPU.ActiveCfg = Release|Any CPU
		{95F47E7D-0DEF-4695-A56F-E8263A00E545}.Release|Any CPU.Build.0 = Release|Any CPU
		{97947B58-38F1-4BD4-A7DD-73998ADF20DD}.Debug|Any CPU.ActiveCfg = Debug|Any CPU
		{97947B58-38F1-4BD4-A7DD-73998ADF20DD}.Debug|Any CPU.Build.0 = Debug|Any CPU
		{97947B58-38F1-4BD4-A7DD-73998ADF20DD}.Release|Any CPU.ActiveCfg = Release|Any CPU
		{97947B58-38F1-4BD4-A7DD-73998ADF20DD}.Release|Any CPU.Build.0 = Release|Any CPU
		{06DECB75-D560-4A65-9149-716DA72BD396}.Debug|Any CPU.ActiveCfg = Debug|Any CPU
		{06DECB75-D560-4A65-9149-716DA72BD396}.Debug|Any CPU.Build.0 = Debug|Any CPU
		{06DECB75-D560-4A65-9149-716DA72BD396}.Release|Any CPU.ActiveCfg = Release|Any CPU
		{06DECB75-D560-4A65-9149-716DA72BD396}.Release|Any CPU.Build.0 = Release|Any CPU
		{FBC41B02-54C2-491B-864D-6FB3CE364C8A}.Debug|Any CPU.ActiveCfg = Debug|Any CPU
		{FBC41B02-54C2-491B-864D-6FB3CE364C8A}.Debug|Any CPU.Build.0 = Debug|Any CPU
		{FBC41B02-54C2-491B-864D-6FB3CE364C8A}.Release|Any CPU.ActiveCfg = Release|Any CPU
		{FBC41B02-54C2-491B-864D-6FB3CE364C8A}.Release|Any CPU.Build.0 = Release|Any CPU
		{48416DC8-15BA-4B15-9156-0E6E9A71BF6A}.Debug|Any CPU.ActiveCfg = Debug|Any CPU
		{48416DC8-15BA-4B15-9156-0E6E9A71BF6A}.Debug|Any CPU.Build.0 = Debug|Any CPU
		{48416DC8-15BA-4B15-9156-0E6E9A71BF6A}.Release|Any CPU.ActiveCfg = Release|Any CPU
		{48416DC8-15BA-4B15-9156-0E6E9A71BF6A}.Release|Any CPU.Build.0 = Release|Any CPU
		{6B43390D-636B-4C41-A30B-A76B365FB617}.Debug|Any CPU.ActiveCfg = Debug|Any CPU
		{6B43390D-636B-4C41-A30B-A76B365FB617}.Debug|Any CPU.Build.0 = Debug|Any CPU
		{6B43390D-636B-4C41-A30B-A76B365FB617}.Release|Any CPU.ActiveCfg = Release|Any CPU
		{6B43390D-636B-4C41-A30B-A76B365FB617}.Release|Any CPU.Build.0 = Release|Any CPU
		{DBC35951-A77A-4563-A578-6427A372A487}.Debug|Any CPU.ActiveCfg = Debug|Any CPU
		{DBC35951-A77A-4563-A578-6427A372A487}.Debug|Any CPU.Build.0 = Debug|Any CPU
		{DBC35951-A77A-4563-A578-6427A372A487}.Release|Any CPU.ActiveCfg = Release|Any CPU
		{DBC35951-A77A-4563-A578-6427A372A487}.Release|Any CPU.Build.0 = Release|Any CPU
		{1C706F99-7B6A-46B6-9FD5-6DE057B4602B}.Debug|Any CPU.ActiveCfg = Debug|Any CPU
		{1C706F99-7B6A-46B6-9FD5-6DE057B4602B}.Debug|Any CPU.Build.0 = Debug|Any CPU
		{1C706F99-7B6A-46B6-9FD5-6DE057B4602B}.Release|Any CPU.ActiveCfg = Release|Any CPU
		{1C706F99-7B6A-46B6-9FD5-6DE057B4602B}.Release|Any CPU.Build.0 = Release|Any CPU
		{E59C2EA7-A9DE-4FDF-92A8-B575A1B0EC30}.Debug|Any CPU.ActiveCfg = Debug|Any CPU
		{E59C2EA7-A9DE-4FDF-92A8-B575A1B0EC30}.Debug|Any CPU.Build.0 = Debug|Any CPU
		{E59C2EA7-A9DE-4FDF-92A8-B575A1B0EC30}.Release|Any CPU.ActiveCfg = Release|Any CPU
		{E59C2EA7-A9DE-4FDF-92A8-B575A1B0EC30}.Release|Any CPU.Build.0 = Release|Any CPU
		{DE805200-F9E8-4BF3-9506-C9D47C210958}.Debug|Any CPU.ActiveCfg = Debug|Any CPU
		{DE805200-F9E8-4BF3-9506-C9D47C210958}.Debug|Any CPU.Build.0 = Debug|Any CPU
		{DE805200-F9E8-4BF3-9506-C9D47C210958}.Release|Any CPU.ActiveCfg = Release|Any CPU
		{DE805200-F9E8-4BF3-9506-C9D47C210958}.Release|Any CPU.Build.0 = Release|Any CPU
		{05D173CB-3BCA-47EE-AD39-A875371C055D}.Debug|Any CPU.ActiveCfg = Debug|Any CPU
		{05D173CB-3BCA-47EE-AD39-A875371C055D}.Debug|Any CPU.Build.0 = Debug|Any CPU
		{05D173CB-3BCA-47EE-AD39-A875371C055D}.Release|Any CPU.ActiveCfg = Release|Any CPU
		{05D173CB-3BCA-47EE-AD39-A875371C055D}.Release|Any CPU.Build.0 = Release|Any CPU
	EndGlobalSection
	GlobalSection(SolutionProperties) = preSolution
		HideSolutionNode = FALSE
	EndGlobalSection
	GlobalSection(NestedProjects) = preSolution
		{C3F994B3-8C98-4D5D-B051-806DCE2562D1} = {A9CA1AA8-0118-4B2E-9B11-13EC8007E609}
		{A9CA1AA8-0118-4B2E-9B11-13EC8007E609} = {02EA681E-C7D8-13C7-8484-4AC65E1B71E8}
		{DA2CD1C8-3929-4A83-9886-CDACFBCC8DE9} = {A9CA1AA8-0118-4B2E-9B11-13EC8007E609}
		{95F47E7D-0DEF-4695-A56F-E8263A00E545} = {A9CA1AA8-0118-4B2E-9B11-13EC8007E609}
		{97947B58-38F1-4BD4-A7DD-73998ADF20DD} = {A9CA1AA8-0118-4B2E-9B11-13EC8007E609}
		{D3DE60AC-8EB2-4E45-AFDF-7794F71B03AE} = {02EA681E-C7D8-13C7-8484-4AC65E1B71E8}
		{B17C62B1-79E4-4F01-A3AC-4A6DE362AF34} = {02EA681E-C7D8-13C7-8484-4AC65E1B71E8}
		{82490197-C35D-424D-92F9-65F4B0EA4D81} = {02EA681E-C7D8-13C7-8484-4AC65E1B71E8}
		{9788E69F-8F1F-4DDB-9E63-47D58997562C} = {02EA681E-C7D8-13C7-8484-4AC65E1B71E8}
		{FBC41B02-54C2-491B-864D-6FB3CE364C8A} = {D3DE60AC-8EB2-4E45-AFDF-7794F71B03AE}
		{48416DC8-15BA-4B15-9156-0E6E9A71BF6A} = {D3DE60AC-8EB2-4E45-AFDF-7794F71B03AE}
		{6B43390D-636B-4C41-A30B-A76B365FB617} = {D3DE60AC-8EB2-4E45-AFDF-7794F71B03AE}
		{DBC35951-A77A-4563-A578-6427A372A487} = {D3DE60AC-8EB2-4E45-AFDF-7794F71B03AE}
		{1C706F99-7B6A-46B6-9FD5-6DE057B4602B} = {B17C62B1-79E4-4F01-A3AC-4A6DE362AF34}
		{E59C2EA7-A9DE-4FDF-92A8-B575A1B0EC30} = {B17C62B1-79E4-4F01-A3AC-4A6DE362AF34}
		{DE805200-F9E8-4BF3-9506-C9D47C210958} = {B17C62B1-79E4-4F01-A3AC-4A6DE362AF34}
		{05D173CB-3BCA-47EE-AD39-A875371C055D} = {B17C62B1-79E4-4F01-A3AC-4A6DE362AF34}
	EndGlobalSection
	GlobalSection(ExtensibilityGlobals) = postSolution
		SolutionGuid = {213B848D-7EBA-42CB-9217-CA9845A5FE31}
	EndGlobalSection
EndGlobal
