
Microsoft Visual Studio Solution File, Format Version 12.00
# Visual Studio Version 18
VisualStudioVersion = 18.4.11605.240
MinimumVisualStudioVersion = 10.0.40219.1
Project("{FAE04EC0-301F-11D3-BF4B-00C04F79EFBC}") = "TravelSwipe.Api", "TravelSwipe.Api\TravelSwipe.Api.csproj", "{7ED47B02-5898-4931-9BAA-9A635126EC31}"
EndProject
Project("{FAE04EC0-301F-11D3-BF4B-00C04F79EFBC}") = "TravelSwipe.Core", "TravelSwipe.Core\TravelSwipe.Core.csproj", "{BDE142F8-0CB4-4031-8F81-087E3E0B71BC}"
EndProject
Project("{FAE04EC0-301F-11D3-BF4B-00C04F79EFBC}") = "TravelSwipe.Infrastructure", "TravelSwipe.Infrastructure\TravelSwipe.Infrastructure.csproj", "{43A1F0BA-5F72-48CF-B703-F3C9169A8220}"
EndProject
Project("{FAE04EC0-301F-11D3-BF4B-00C04F79EFBC}") = "TravelSwipe.Application", "TravelSwipe.Application\TravelSwipe.Application.csproj", "{02E12F30-1CED-4B96-9AD0-407890728D8A}"
EndProject
Project("{2150E333-8FDC-42A3-9474-1A3956D46DE8}") = "Services", "Services", "{02EA681E-C7D8-13C7-8484-4AC65E1B71E8}"
EndProject
Project("{2150E333-8FDC-42A3-9474-1A3956D46DE8}") = "Activities", "Activities", "{A9CA1AA8-0118-4B2E-9B11-13EC8007E609}"
EndProject
Project("{FAE04EC0-301F-11D3-BF4B-00C04F79EFBC}") = "TravelSwipe.Contracts", "TravelSwipe.Contracts\TravelSwipe.Contracts.csproj", "{06DECB75-D560-4A65-9149-716DA72BD396}"
EndProject
Project("{2150E333-8FDC-42A3-9474-1A3956D46DE8}") = "Countries", "Countries", "{B17C62B1-79E4-4F01-A3AC-4A6DE362AF34}"
EndProject
Project("{2150E333-8FDC-42A3-9474-1A3956D46DE8}") = "Integrations", "Integrations", "{82490197-C35D-424D-92F9-65F4B0EA4D81}"
EndProject
Project("{2150E333-8FDC-42A3-9474-1A3956D46DE8}") = "Users", "Users", "{9788E69F-8F1F-4DDB-9E63-47D58997562C}"
EndProject
Project("{FAE04EC0-301F-11D3-BF4B-00C04F79EFBC}") = "Countries.Core", "Countries.Core\Countries.Core.csproj", "{DE805200-F9E8-4BF3-9506-C9D47C210958}"
EndProject
Project("{2150E333-8FDC-42A3-9474-1A3956D46DE8}") = "Cities", "Cities", "{F7DE1CB1-E7C7-4D12-95C9-6072F7BA08D8}"
EndProject
Project("{FAE04EC0-301F-11D3-BF4B-00C04F79EFBC}") = "Cities.Api", "Cities.Api\Cities.Api.csproj", "{EFD49CD3-1384-F6D4-56CA-1D520A74D7C1}"
EndProject
Project("{FAE04EC0-301F-11D3-BF4B-00C04F79EFBC}") = "Cities.Application", "Cities.Application\Cities.Application.csproj", "{CD8F2BB8-AAA6-9D1C-5DE8-6392D606ADA7}"
EndProject
Project("{FAE04EC0-301F-11D3-BF4B-00C04F79EFBC}") = "Cities.Core", "Cities.Core\Cities.Core.csproj", "{6C644596-A1CD-E407-17AD-84E8EBEC28EF}"
EndProject
Project("{FAE04EC0-301F-11D3-BF4B-00C04F79EFBC}") = "Cities.Infrastructure", "Cities.Infrastructure\Cities.Infrastructure.csproj", "{E3A15A63-6C67-778A-A0D2-F1B908E05B5C}"
EndProject
Project("{FAE04EC0-301F-11D3-BF4B-00C04F79EFBC}") = "Activities.Api", "Activities.Api\Activities.Api.csproj", "{7E07D73F-14A3-6822-B512-048982452C6F}"
EndProject
Project("{FAE04EC0-301F-11D3-BF4B-00C04F79EFBC}") = "Activities.Application", "Activities.Application\Activities.Application.csproj", "{2FC0A9AB-E20A-78E4-C3EA-B460551148FA}"
EndProject
Project("{FAE04EC0-301F-11D3-BF4B-00C04F79EFBC}") = "Activities.Core", "Activities.Core\Activities.Core.csproj", "{66EEA89D-1FB0-C84E-10CD-27BB114D31A2}"
EndProject
Project("{FAE04EC0-301F-11D3-BF4B-00C04F79EFBC}") = "Activities.Infrastructure", "Activities.Infrastructure\Activities.Infrastructure.csproj", "{FFDF2B9C-FDDF-E8A8-7A9F-6B4E74413489}"
EndProject
Project("{FAE04EC0-301F-11D3-BF4B-00C04F79EFBC}") = "Countries.Api", "Countries.Api\Countries.Api.csproj", "{98361CE5-44B9-2F98-075D-704E02D4F3C2}"
EndProject
Project("{FAE04EC0-301F-11D3-BF4B-00C04F79EFBC}") = "Countries.Application", "Countries.Application\Countries.Application.csproj", "{55278EFD-8F4D-356C-4DBB-680D73FADC52}"
EndProject
Project("{FAE04EC0-301F-11D3-BF4B-00C04F79EFBC}") = "Countries.Infrastructure", "Countries.Infrastructure\Countries.Infrastructure.csproj", "{2435EDD5-2458-13F4-EC35-C614259EB65B}"
EndProject
Project("{FAE04EC0-301F-11D3-BF4B-00C04F79EFBC}") = "Activities.Tests", "Activities.Tests\Activities.Tests.csproj", "{4897CCBC-F8D1-23DA-1446-B776B8EAECCE}"
EndProject
Project("{FAE04EC0-301F-11D3-BF4B-00C04F79EFBC}") = "Cities.Tests", "Cities.Tests\Cities.Tests.csproj", "{B8AFEA46-15CC-DC35-982A-63209367A26E}"
EndProject
Project("{FAE04EC0-301F-11D3-BF4B-00C04F79EFBC}") = "Countries.Tests", "Contries.Tests\Countries.Tests.csproj", "{C668C014-35DA-8CBD-0AAF-CB17217252BA}"
EndProject
Project("{FAE04EC0-301F-11D3-BF4B-00C04F79EFBC}") = "Integration.Core", "Integration.Core\Integration.Core.csproj", "{AE16F645-AF20-42C1-986B-BA4B9C8BB26F}"
EndProject
Project("{FAE04EC0-301F-11D3-BF4B-00C04F79EFBC}") = "Integration.Application", "Integration.Application\Integration.Application.csproj", "{FA4886C8-5BDB-4D21-B10F-7282CA61B911}"
EndProject
Project("{FAE04EC0-301F-11D3-BF4B-00C04F79EFBC}") = "Integration.Worker", "Integration.Worker\Integration.Worker.csproj", "{95D08DD3-0330-4A01-911F-7552CD149382}"
EndProject
Project("{FAE04EC0-301F-11D3-BF4B-00C04F79EFBC}") = "Integration.Tests", "Integration.Tests\Integration.Tests.csproj", "{33761FA5-F573-331C-2880-1875F9B55BE0}"
EndProject
Global
	GlobalSection(SolutionConfigurationPlatforms) = preSolution
		Debug|Any CPU = Debug|Any CPU
		Release|Any CPU = Release|Any CPU
	EndGlobalSection
	GlobalSection(ProjectConfigurationPlatforms) = postSolution
		{7ED47B02-5898-4931-9BAA-9A635126EC31}.Debug|Any CPU.ActiveCfg = Debug|Any CPU
		{7ED47B02-5898-4931-9BAA-9A635126EC31}.Debug|Any CPU.Build.0 = Debug|Any CPU
		{7ED47B02-5898-4931-9BAA-9A635126EC31}.Release|Any CPU.ActiveCfg = Release|Any CPU
		{7ED47B02-5898-4931-9BAA-9A635126EC31}.Release|Any CPU.Build.0 = Release|Any CPU
		{BDE142F8-0CB4-4031-8F81-087E3E0B71BC}.Debug|Any CPU.ActiveCfg = Debug|Any CPU
		{BDE142F8-0CB4-4031-8F81-087E3E0B71BC}.Debug|Any CPU.Build.0 = Debug|Any CPU
		{BDE142F8-0CB4-4031-8F81-087E3E0B71BC}.Release|Any CPU.ActiveCfg = Release|Any CPU
		{BDE142F8-0CB4-4031-8F81-087E3E0B71BC}.Release|Any CPU.Build.0 = Release|Any CPU
		{43A1F0BA-5F72-48CF-B703-F3C9169A8220}.Debug|Any CPU.ActiveCfg = Debug|Any CPU
		{43A1F0BA-5F72-48CF-B703-F3C9169A8220}.Debug|Any CPU.Build.0 = Debug|Any CPU
		{43A1F0BA-5F72-48CF-B703-F3C9169A8220}.Release|Any CPU.ActiveCfg = Release|Any CPU
		{43A1F0BA-5F72-48CF-B703-F3C9169A8220}.Release|Any CPU.Build.0 = Release|Any CPU
		{02E12F30-1CED-4B96-9AD0-407890728D8A}.Debug|Any CPU.ActiveCfg = Debug|Any CPU
		{02E12F30-1CED-4B96-9AD0-407890728D8A}.Debug|Any CPU.Build.0 = Debug|Any CPU
		{02E12F30-1CED-4B96-9AD0-407890728D8A}.Release|Any CPU.ActiveCfg = Release|Any CPU
		{02E12F30-1CED-4B96-9AD0-407890728D8A}.Release|Any CPU.Build.0 = Release|Any CPU
		{06DECB75-D560-4A65-9149-716DA72BD396}.Debug|Any CPU.ActiveCfg = Debug|Any CPU
		{06DECB75-D560-4A65-9149-716DA72BD396}.Debug|Any CPU.Build.0 = Debug|Any CPU
		{06DECB75-D560-4A65-9149-716DA72BD396}.Release|Any CPU.ActiveCfg = Release|Any CPU
		{06DECB75-D560-4A65-9149-716DA72BD396}.Release|Any CPU.Build.0 = Release|Any CPU
		{DE805200-F9E8-4BF3-9506-C9D47C210958}.Debug|Any CPU.ActiveCfg = Debug|Any CPU
		{DE805200-F9E8-4BF3-9506-C9D47C210958}.Debug|Any CPU.Build.0 = Debug|Any CPU
		{DE805200-F9E8-4BF3-9506-C9D47C210958}.Release|Any CPU.ActiveCfg = Release|Any CPU
		{DE805200-F9E8-4BF3-9506-C9D47C210958}.Release|Any CPU.Build.0 = Release|Any CPU
		{EFD49CD3-1384-F6D4-56CA-1D520A74D7C1}.Debug|Any CPU.ActiveCfg = Debug|Any CPU
		{EFD49CD3-1384-F6D4-56CA-1D520A74D7C1}.Debug|Any CPU.Build.0 = Debug|Any CPU
		{EFD49CD3-1384-F6D4-56CA-1D520A74D7C1}.Release|Any CPU.ActiveCfg = Release|Any CPU
		{EFD49CD3-1384-F6D4-56CA-1D520A74D7C1}.Release|Any CPU.Build.0 = Release|Any CPU
		{CD8F2BB8-AAA6-9D1C-5DE8-6392D606ADA7}.Debug|Any CPU.ActiveCfg = Debug|Any CPU
		{CD8F2BB8-AAA6-9D1C-5DE8-6392D606ADA7}.Debug|Any CPU.Build.0 = Debug|Any CPU
		{CD8F2BB8-AAA6-9D1C-5DE8-6392D606ADA7}.Release|Any CPU.ActiveCfg = Release|Any CPU
		{CD8F2BB8-AAA6-9D1C-5DE8-6392D606ADA7}.Release|Any CPU.Build.0 = Release|Any CPU
		{6C644596-A1CD-E407-17AD-84E8EBEC28EF}.Debug|Any CPU.ActiveCfg = Debug|Any CPU
		{6C644596-A1CD-E407-17AD-84E8EBEC28EF}.Debug|Any CPU.Build.0 = Debug|Any CPU
		{6C644596-A1CD-E407-17AD-84E8EBEC28EF}.Release|Any CPU.ActiveCfg = Release|Any CPU
		{6C644596-A1CD-E407-17AD-84E8EBEC28EF}.Release|Any CPU.Build.0 = Release|Any CPU
		{E3A15A63-6C67-778A-A0D2-F1B908E05B5C}.Debug|Any CPU.ActiveCfg = Debug|Any CPU
		{E3A15A63-6C67-778A-A0D2-F1B908E05B5C}.Debug|Any CPU.Build.0 = Debug|Any CPU
		{E3A15A63-6C67-778A-A0D2-F1B908E05B5C}.Release|Any CPU.ActiveCfg = Release|Any CPU
		{E3A15A63-6C67-778A-A0D2-F1B908E05B5C}.Release|Any CPU.Build.0 = Release|Any CPU
		{7E07D73F-14A3-6822-B512-048982452C6F}.Debug|Any CPU.ActiveCfg = Debug|Any CPU
		{7E07D73F-14A3-6822-B512-048982452C6F}.Debug|Any CPU.Build.0 = Debug|Any CPU
		{7E07D73F-14A3-6822-B512-048982452C6F}.Release|Any CPU.ActiveCfg = Release|Any CPU
		{7E07D73F-14A3-6822-B512-048982452C6F}.Release|Any CPU.Build.0 = Release|Any CPU
		{2FC0A9AB-E20A-78E4-C3EA-B460551148FA}.Debug|Any CPU.ActiveCfg = Debug|Any CPU
		{2FC0A9AB-E20A-78E4-C3EA-B460551148FA}.Debug|Any CPU.Build.0 = Debug|Any CPU
		{2FC0A9AB-E20A-78E4-C3EA-B460551148FA}.Release|Any CPU.ActiveCfg = Release|Any CPU
		{2FC0A9AB-E20A-78E4-C3EA-B460551148FA}.Release|Any CPU.Build.0 = Release|Any CPU
		{66EEA89D-1FB0-C84E-10CD-27BB114D31A2}.Debug|Any CPU.ActiveCfg = Debug|Any CPU
		{66EEA89D-1FB0-C84E-10CD-27BB114D31A2}.Debug|Any CPU.Build.0 = Debug|Any CPU
		{66EEA89D-1FB0-C84E-10CD-27BB114D31A2}.Release|Any CPU.ActiveCfg = Release|Any CPU
		{66EEA89D-1FB0-C84E-10CD-27BB114D31A2}.Release|Any CPU.Build.0 = Release|Any CPU
		{FFDF2B9C-FDDF-E8A8-7A9F-6B4E74413489}.Debug|Any CPU.ActiveCfg = Debug|Any CPU
		{FFDF2B9C-FDDF-E8A8-7A9F-6B4E74413489}.Debug|Any CPU.Build.0 = Debug|Any CPU
		{FFDF2B9C-FDDF-E8A8-7A9F-6B4E74413489}.Release|Any CPU.ActiveCfg = Release|Any CPU
		{FFDF2B9C-FDDF-E8A8-7A9F-6B4E74413489}.Release|Any CPU.Build.0 = Release|Any CPU
		{98361CE5-44B9-2F98-075D-704E02D4F3C2}.Debug|Any CPU.ActiveCfg = Debug|Any CPU
		{98361CE5-44B9-2F98-075D-704E02D4F3C2}.Debug|Any CPU.Build.0 = Debug|Any CPU
		{98361CE5-44B9-2F98-075D-704E02D4F3C2}.Release|Any CPU.ActiveCfg = Release|Any CPU
		{98361CE5-44B9-2F98-075D-704E02D4F3C2}.Release|Any CPU.Build.0 = Release|Any CPU
		{55278EFD-8F4D-356C-4DBB-680D73FADC52}.Debug|Any CPU.ActiveCfg = Debug|Any CPU
		{55278EFD-8F4D-356C-4DBB-680D73FADC52}.Debug|Any CPU.Build.0 = Debug|Any CPU
		{55278EFD-8F4D-356C-4DBB-680D73FADC52}.Release|Any CPU.ActiveCfg = Release|Any CPU
		{55278EFD-8F4D-356C-4DBB-680D73FADC52}.Release|Any CPU.Build.0 = Release|Any CPU
		{2435EDD5-2458-13F4-EC35-C614259EB65B}.Debug|Any CPU.ActiveCfg = Debug|Any CPU
		{2435EDD5-2458-13F4-EC35-C614259EB65B}.Debug|Any CPU.Build.0 = Debug|Any CPU
		{2435EDD5-2458-13F4-EC35-C614259EB65B}.Release|Any CPU.ActiveCfg = Release|Any CPU
		{2435EDD5-2458-13F4-EC35-C614259EB65B}.Release|Any CPU.Build.0 = Release|Any CPU
		{4897CCBC-F8D1-23DA-1446-B776B8EAECCE}.Debug|Any CPU.ActiveCfg = Debug|Any CPU
		{4897CCBC-F8D1-23DA-1446-B776B8EAECCE}.Debug|Any CPU.Build.0 = Debug|Any CPU
		{4897CCBC-F8D1-23DA-1446-B776B8EAECCE}.Release|Any CPU.ActiveCfg = Release|Any CPU
		{4897CCBC-F8D1-23DA-1446-B776B8EAECCE}.Release|Any CPU.Build.0 = Release|Any CPU
		{B8AFEA46-15CC-DC35-982A-63209367A26E}.Debug|Any CPU.ActiveCfg = Debug|Any CPU
		{B8AFEA46-15CC-DC35-982A-63209367A26E}.Debug|Any CPU.Build.0 = Debug|Any CPU
		{B8AFEA46-15CC-DC35-982A-63209367A26E}.Release|Any CPU.ActiveCfg = Release|Any CPU
		{B8AFEA46-15CC-DC35-982A-63209367A26E}.Release|Any CPU.Build.0 = Release|Any CPU
		{C668C014-35DA-8CBD-0AAF-CB17217252BA}.Debug|Any CPU.ActiveCfg = Debug|Any CPU
		{C668C014-35DA-8CBD-0AAF-CB17217252BA}.Debug|Any CPU.Build.0 = Debug|Any CPU
		{C668C014-35DA-8CBD-0AAF-CB17217252BA}.Release|Any CPU.ActiveCfg = Release|Any CPU
		{C668C014-35DA-8CBD-0AAF-CB17217252BA}.Release|Any CPU.Build.0 = Release|Any CPU
		{AE16F645-AF20-42C1-986B-BA4B9C8BB26F}.Debug|Any CPU.ActiveCfg = Debug|Any CPU
		{AE16F645-AF20-42C1-986B-BA4B9C8BB26F}.Debug|Any CPU.Build.0 = Debug|Any CPU
		{AE16F645-AF20-42C1-986B-BA4B9C8BB26F}.Release|Any CPU.ActiveCfg = Release|Any CPU
		{AE16F645-AF20-42C1-986B-BA4B9C8BB26F}.Release|Any CPU.Build.0 = Release|Any CPU
		{FA4886C8-5BDB-4D21-B10F-7282CA61B911}.Debug|Any CPU.ActiveCfg = Debug|Any CPU
		{FA4886C8-5BDB-4D21-B10F-7282CA61B911}.Debug|Any CPU.Build.0 = Debug|Any CPU
		{FA4886C8-5BDB-4D21-B10F-7282CA61B911}.Release|Any CPU.ActiveCfg = Release|Any CPU
		{FA4886C8-5BDB-4D21-B10F-7282CA61B911}.Release|Any CPU.Build.0 = Release|Any CPU
		{95D08DD3-0330-4A01-911F-7552CD149382}.Debug|Any CPU.ActiveCfg = Debug|Any CPU
		{95D08DD3-0330-4A01-911F-7552CD149382}.Debug|Any CPU.Build.0 = Debug|Any CPU
		{95D08DD3-0330-4A01-911F-7552CD149382}.Release|Any CPU.ActiveCfg = Release|Any CPU
		{95D08DD3-0330-4A01-911F-7552CD149382}.Release|Any CPU.Build.0 = Release|Any CPU
		{33761FA5-F573-331C-2880-1875F9B55BE0}.Debug|Any CPU.ActiveCfg = Debug|Any CPU
		{33761FA5-F573-331C-2880-1875F9B55BE0}.Debug|Any CPU.Build.0 = Debug|Any CPU
		{33761FA5-F573-331C-2880-1875F9B55BE0}.Release|Any CPU.ActiveCfg = Release|Any CPU
		{33761FA5-F573-331C-2880-1875F9B55BE0}.Release|Any CPU.Build.0 = Release|Any CPU
	EndGlobalSection
	GlobalSection(SolutionProperties) = preSolution
		HideSolutionNode = FALSE
	EndGlobalSection
	GlobalSection(NestedProjects) = preSolution
		{A9CA1AA8-0118-4B2E-9B11-13EC8007E609} = {02EA681E-C7D8-13C7-8484-4AC65E1B71E8}
		{B17C62B1-79E4-4F01-A3AC-4A6DE362AF34} = {02EA681E-C7D8-13C7-8484-4AC65E1B71E8}
		{82490197-C35D-424D-92F9-65F4B0EA4D81} = {02EA681E-C7D8-13C7-8484-4AC65E1B71E8}
		{9788E69F-8F1F-4DDB-9E63-47D58997562C} = {02EA681E-C7D8-13C7-8484-4AC65E1B71E8}
		{DE805200-F9E8-4BF3-9506-C9D47C210958} = {B17C62B1-79E4-4F01-A3AC-4A6DE362AF34}
		{F7DE1CB1-E7C7-4D12-95C9-6072F7BA08D8} = {02EA681E-C7D8-13C7-8484-4AC65E1B71E8}
		{EFD49CD3-1384-F6D4-56CA-1D520A74D7C1} = {F7DE1CB1-E7C7-4D12-95C9-6072F7BA08D8}
		{CD8F2BB8-AAA6-9D1C-5DE8-6392D606ADA7} = {F7DE1CB1-E7C7-4D12-95C9-6072F7BA08D8}
		{6C644596-A1CD-E407-17AD-84E8EBEC28EF} = {F7DE1CB1-E7C7-4D12-95C9-6072F7BA08D8}
		{E3A15A63-6C67-778A-A0D2-F1B908E05B5C} = {F7DE1CB1-E7C7-4D12-95C9-6072F7BA08D8}
		{7E07D73F-14A3-6822-B512-048982452C6F} = {A9CA1AA8-0118-4B2E-9B11-13EC8007E609}
		{2FC0A9AB-E20A-78E4-C3EA-B460551148FA} = {A9CA1AA8-0118-4B2E-9B11-13EC8007E609}
		{66EEA89D-1FB0-C84E-10CD-27BB114D31A2} = {A9CA1AA8-0118-4B2E-9B11-13EC8007E609}
		{FFDF2B9C-FDDF-E8A8-7A9F-6B4E74413489} = {A9CA1AA8-0118-4B2E-9B11-13EC8007E609}
		{98361CE5-44B9-2F98-075D-704E02D4F3C2} = {B17C62B1-79E4-4F01-A3AC-4A6DE362AF34}
		{55278EFD-8F4D-356C-4DBB-680D73FADC52} = {B17C62B1-79E4-4F01-A3AC-4A6DE362AF34}
		{2435EDD5-2458-13F4-EC35-C614259EB65B} = {B17C62B1-79E4-4F01-A3AC-4A6DE362AF34}
		{4897CCBC-F8D1-23DA-1446-B776B8EAECCE} = {A9CA1AA8-0118-4B2E-9B11-13EC8007E609}
		{B8AFEA46-15CC-DC35-982A-63209367A26E} = {F7DE1CB1-E7C7-4D12-95C9-6072F7BA08D8}
		{C668C014-35DA-8CBD-0AAF-CB17217252BA} = {B17C62B1-79E4-4F01-A3AC-4A6DE362AF34}
		{AE16F645-AF20-42C1-986B-BA4B9C8BB26F} = {82490197-C35D-424D-92F9-65F4B0EA4D81}
		{FA4886C8-5BDB-4D21-B10F-7282CA61B911} = {82490197-C35D-424D-92F9-65F4B0EA4D81}
		{95D08DD3-0330-4A01-911F-7552CD149382} = {82490197-C35D-424D-92F9-65F4B0EA4D81}
		{33761FA5-F573-331C-2880-1875F9B55BE0} = {82490197-C35D-424D-92F9-65F4B0EA4D81}
	EndGlobalSection
	GlobalSection(ExtensibilityGlobals) = postSolution
		SolutionGuid = {213B848D-7EBA-42CB-9217-CA9845A5FE31}
	EndGlobalSection
EndGlobal
